
Microsoft Visual Studio Solution File, Format Version 12.00
# Visual Studio 15
VisualStudioVersion = 15.0.26124.0
MinimumVisualStudioVersion = 15.0.26124.0
Project("{2150E333-8FDC-42A3-9474-1A3956D46DE8}") = "src", "src", "{E4D5A0D0-C985-4C0A-8A7E-ACE57B1B7E79}"
EndProject
Project("{FAE04EC0-301F-11D3-BF4B-00C04F79EFBC}") = "SimpleAPI", "src\SimpleAPI\SimpleAPI.csproj", "{3E1D0899-4945-4720-A5B4-9EA2E6D4D0E7}"
EndProject
Project("{2150E333-8FDC-42A3-9474-1A3956D46DE8}") = "test", "test", "{86F0B772-388D-4C6F-BEC5-8A4D03F5EEA0}"
EndProject
Project("{FAE04EC0-301F-11D3-BF4B-00C04F79EFBC}") = "SimpleAPI.Test", "test\SimpleAPI.Test\SimpleAPI.Test.csproj", "{8EB1BD48-3333-414B-9A86-76309D6D0575}"
EndProject
Global
	GlobalSection(SolutionConfigurationPlatforms) = preSolution
		Debug|Any CPU = Debug|Any CPU
		Debug|x64 = Debug|x64
		Debug|x86 = Debug|x86
		Release|Any CPU = Release|Any CPU
		Release|x64 = Release|x64
		Release|x86 = Release|x86
	EndGlobalSection
	GlobalSection(SolutionProperties) = preSolution
		HideSolutionNode = FALSE
	EndGlobalSection
	GlobalSection(ProjectConfigurationPlatforms) = postSolution
		{3E1D0899-4945-4720-A5B4-9EA2E6D4D0E7}.Debug|Any CPU.ActiveCfg = Debug|Any CPU
		{3E1D0899-4945-4720-A5B4-9EA2E6D4D0E7}.Debug|Any CPU.Build.0 = Debug|Any CPU
		{3E1D0899-4945-4720-A5B4-9EA2E6D4D0E7}.Debug|x64.ActiveCfg = Debug|Any CPU
		{3E1D0899-4945-4720-A5B4-9EA2E6D4D0E7}.Debug|x64.Build.0 = Debug|Any CPU
		{3E1D0899-4945-4720-A5B4-9EA2E6D4D0E7}.Debug|x86.ActiveCfg = Debug|Any CPU
		{3E1D0899-4945-4720-A5B4-9EA2E6D4D0E7}.Debug|x86.Build.0 = Debug|Any CPU
		{3E1D0899-4945-4720-A5B4-9EA2E6D4D0E7}.Release|Any CPU.ActiveCfg = Release|Any CPU
		{3E1D0899-4945-4720-A5B4-9EA2E6D4D0E7}.Release|Any CPU.Build.0 = Release|Any CPU
		{3E1D0899-4945-4720-A5B4-9EA2E6D4D0E7}.Release|x64.ActiveCfg = Release|Any CPU
		{3E1D0899-4945-4720-A5B4-9EA2E6D4D0E7}.Release|x64.Build.0 = Release|Any CPU
		{3E1D0899-4945-4720-A5B4-9EA2E6D4D0E7}.Release|x86.ActiveCfg = Release|Any CPU
		{3E1D0899-4945-4720-A5B4-9EA2E6D4D0E7}.Release|x86.Build.0 = Release|Any CPU
		{8EB1BD48-3333-414B-9A86-76309D6D0575}.Debug|Any CPU.ActiveCfg = Debug|Any CPU
		{8EB1BD48-3333-414B-9A86-76309D6D0575}.Debug|Any CPU.Build.0 = Debug|Any CPU
		{8EB1BD48-3333-414B-9A86-76309D6D0575}.Debug|x64.ActiveCfg = Debug|Any CPU
		{8EB1BD48-3333-414B-9A86-76309D6D0575}.Debug|x64.Build.0 = Debug|Any CPU
		{8EB1BD48-3333-414B-9A86-76309D6D0575}.Debug|x86.ActiveCfg = Debug|Any CPU
		{8EB1BD48-3333-414B-9A86-76309D6D0575}.Debug|x86.Build.0 = Debug|Any CPU
		{8EB1BD48-3333-414B-9A86-76309D6D0575}.Release|Any CPU.ActiveCfg = Release|Any CPU
		{8EB1BD48-3333-414B-9A86-76309D6D0575}.Release|Any CPU.Build.0 = Release|Any CPU
		{8EB1BD48-3333-414B-9A86-76309D6D0575}.Release|x64.ActiveCfg = Release|Any CPU
		{8EB1BD48-3333-414B-9A86-76309D6D0575}.Release|x64.Build.0 = Release|Any CPU
		{8EB1BD48-3333-414B-9A86-76309D6D0575}.Release|x86.ActiveCfg = Release|Any CPU
		{8EB1BD48-3333-414B-9A86-76309D6D0575}.Release|x86.Build.0 = Release|Any CPU
	EndGlobalSection
	GlobalSection(NestedProjects) = preSolution
		{3E1D0899-4945-4720-A5B4-9EA2E6D4D0E7} = {E4D5A0D0-C985-4C0A-8A7E-ACE57B1B7E79}
		{8EB1BD48-3333-414B-9A86-76309D6D0575} = {86F0B772-388D-4C6F-BEC5-8A4D03F5EEA0}
	EndGlobalSection
EndGlobal
